// !$*UTF8*$!
{
	archiveVersion = 1;
	classes = {
	};
	objectVersion = 46;
	objects = {

/* Begin PBXBuildFile section */
		8C7E7A431CBE870000FB7496 /* main.m in Sources */ = {isa = PBXBuildFile; fileRef = 8C7E7A421CBE870000FB7496 /* main.m */; };
		8C7E7A461CBE870000FB7496 /* AppDelegate.m in Sources */ = {isa = PBXBuildFile; fileRef = 8C7E7A451CBE870000FB7496 /* AppDelegate.m */; };
		8C7E7A4C1CBE870000FB7496 /* SecondViewController.m in Sources */ = {isa = PBXBuildFile; fileRef = 8C7E7A4B1CBE870000FB7496 /* SecondViewController.m */; };
		8C7E7A4F1CBE870000FB7496 /* Main.storyboard in Resources */ = {isa = PBXBuildFile; fileRef = 8C7E7A4D1CBE870000FB7496 /* Main.storyboard */; };
		8C7E7A511CBE870000FB7496 /* Assets.xcassets in Resources */ = {isa = PBXBuildFile; fileRef = 8C7E7A501CBE870000FB7496 /* Assets.xcassets */; };
		8C7E7A541CBE870000FB7496 /* LaunchScreen.storyboard in Resources */ = {isa = PBXBuildFile; fileRef = 8C7E7A521CBE870000FB7496 /* LaunchScreen.storyboard */; };
		8C7E7A5D1CBE8DFF00FB7496 /* TimeStampTableViewController.m in Sources */ = {isa = PBXBuildFile; fileRef = 8C7E7A5C1CBE8DFF00FB7496 /* TimeStampTableViewController.m */; };
/* End PBXBuildFile section */

/* Begin PBXFileReference section */
		8C7E7A3E1CBE870000FB7496 /* Timer.app */ = {isa = PBXFileReference; explicitFileType = wrapper.application; includeInIndex = 0; path = Timer.app; sourceTree = BUILT_PRODUCTS_DIR; };
		8C7E7A421CBE870000FB7496 /* main.m */ = {isa = PBXFileReference; lastKnownFileType = sourcecode.c.objc; path = main.m; sourceTree = "<group>"; };
		8C7E7A441CBE870000FB7496 /* AppDelegate.h */ = {isa = PBXFileReference; lastKnownFileType = sourcecode.c.h; path = AppDelegate.h; sourceTree = "<group>"; };
		8C7E7A451CBE870000FB7496 /* AppDelegate.m */ = {isa = PBXFileReference; lastKnownFileType = sourcecode.c.objc; path = AppDelegate.m; sourceTree = "<group>"; };
		8C7E7A4A1CBE870000FB7496 /* SecondViewController.h */ = {isa = PBXFileReference; lastKnownFileType = sourcecode.c.h; path = SecondViewController.h; sourceTree = "<group>"; };
		8C7E7A4B1CBE870000FB7496 /* SecondViewController.m */ = {isa = PBXFileReference; lastKnownFileType = sourcecode.c.objc; path = SecondViewController.m; sourceTree = "<group>"; };
		8C7E7A4E1CBE870000FB7496 /* Base */ = {isa = PBXFileReference; lastKnownFileType = file.storyboard; name = Base; path = Base.lproj/Main.storyboard; sourceTree = "<group>"; };
		8C7E7A501CBE870000FB7496 /* Assets.xcassets */ = {isa = PBXFileReference; lastKnownFileType = folder.assetcatalog; path = Assets.xcassets; sourceTree = "<group>"; };
		8C7E7A531CBE870000FB7496 /* Base */ = {isa = PBXFileReference; lastKnownFileType = file.storyboard; name = Base; path = Base.lproj/LaunchScreen.storyboard; sourceTree = "<group>"; };
		8C7E7A551CBE870000FB7496 /* Info.plist */ = {isa = PBXFileReference; lastKnownFileType = text.plist.xml; path = Info.plist; sourceTree = "<group>"; };
		8C7E7A5B1CBE8DFF00FB7496 /* TimeStampTableViewController.h */ = {isa = PBXFileReference; fileEncoding = 4; lastKnownFileType = sourcecode.c.h; path = TimeStampTableViewController.h; sourceTree = "<group>"; };
		8C7E7A5C1CBE8DFF00FB7496 /* TimeStampTableViewController.m */ = {isa = PBXFileReference; fileEncoding = 4; lastKnownFileType = sourcecode.c.objc; path = TimeStampTableViewController.m; sourceTree = "<group>"; };
/* End PBXFileReference section */

/* Begin PBXFrameworksBuildPhase section */
		8C7E7A3B1CBE870000FB7496 /* Frameworks */ = {
			isa = PBXFrameworksBuildPhase;
			buildActionMask = 2147483647;
			files = (
			);
			runOnlyForDeploymentPostprocessing = 0;
		};
/* End PBXFrameworksBuildPhase section */

/* Begin PBXGroup section */
		8C7E7A351CBE86FF00FB7496 = {
			isa = PBXGroup;
			children = (
				8C7E7A401CBE870000FB7496 /* Timer */,
				8C7E7A3F1CBE870000FB7496 /* Products */,
			);
			sourceTree = "<group>";
		};
		8C7E7A3F1CBE870000FB7496 /* Products */ = {
			isa = PBXGroup;
			children = (
				8C7E7A3E1CBE870000FB7496 /* Timer.app */,
			);
			name = Products;
			sourceTree = "<group>";
		};
		8C7E7A401CBE870000FB7496 /* Timer */ = {
			isa = PBXGroup;
			children = (
				8C7E7A441CBE870000FB7496 /* AppDelegate.h */,
				8C7E7A451CBE870000FB7496 /* AppDelegate.m */,
				8C7E7A4A1CBE870000FB7496 /* SecondViewController.h */,
				8C7E7A4B1CBE870000FB7496 /* SecondViewController.m */,
				8C7E7A4D1CBE870000FB7496 /* Main.storyboard */,
				8C7E7A5B1CBE8DFF00FB7496 /* TimeStampTableViewController.h */,
				8C7E7A5C1CBE8DFF00FB7496 /* TimeStampTableViewController.m */,
				8C7E7A501CBE870000FB7496 /* Assets.xcassets */,
				8C7E7A521CBE870000FB7496 /* LaunchScreen.storyboard */,
				8C7E7A551CBE870000FB7496 /* Info.plist */,
				8C7E7A411CBE870000FB7496 /* Supporting Files */,
			);
			path = Timer;
			sourceTree = "<group>";
		};
		8C7E7A411CBE870000FB7496 /* Supporting Files */ = {
			isa = PBXGroup;
			children = (
				8C7E7A421CBE870000FB7496 /* main.m */,
			);
			name = "Supporting Files";
			sourceTree = "<group>";
		};
/* End PBXGroup section */

/* Begin PBXNativeTarget section */
		8C7E7A3D1CBE870000FB7496 /* Timer */ = {
			isa = PBXNativeTarget;
			buildConfigurationList = 8C7E7A581CBE870000FB7496 /* Build configuration list for PBXNativeTarget "Timer" */;
			buildPhases = (
				8C7E7A3A1CBE870000FB7496 /* Sources */,
				8C7E7A3B1CBE870000FB7496 /* Frameworks */,
				8C7E7A3C1CBE870000FB7496 /* Resources */,
			);
			buildRules = (
			);
			dependencies = (
			);
			name = Timer;
			productName = Timer;
			productReference = 8C7E7A3E1CBE870000FB7496 /* Timer.app */;
			productType = "com.apple.product-type.application";
		};
/* End PBXNativeTarget section */

/* Begin PBXProject section */
		8C7E7A361CBE86FF00FB7496 /* Project object */ = {
			isa = PBXProject;
			attributes = {
				LastUpgradeCheck = 0730;
				ORGANIZATIONNAME = "Nick Perkins";
				TargetAttributes = {
					8C7E7A3D1CBE870000FB7496 = {
						CreatedOnToolsVersion = 7.3;
						DevelopmentTeam = N9X5Q7FUAG;
					};
				};
			};
			buildConfigurationList = 8C7E7A391CBE86FF00FB7496 /* Build configuration list for PBXProject "Timer" */;
			compatibilityVersion = "Xcode 3.2";
			developmentRegion = English;
			hasScannedForEncodings = 0;
			knownRegions = (
				en,
				Base,
			);
			mainGroup = 8C7E7A351CBE86FF00FB7496;
			productRefGroup = 8C7E7A3F1CBE870000FB7496 /* Products */;
			projectDirPath = "";
			projectRoot = "";
			targets = (
				8C7E7A3D1CBE870000FB7496 /* Timer */,
			);
		};
/* End PBXProject section */

/* Begin PBXResourcesBuildPhase section */
		8C7E7A3C1CBE870000FB7496 /* Resources */ = {
			isa = PBXResourcesBuildPhase;
			buildActionMask = 2147483647;
			files = (
				8C7E7A541CBE870000FB7496 /* LaunchScreen.storyboard in Resources */,
				8C7E7A511CBE870000FB7496 /* Assets.xcassets in Resources */,
				8C7E7A4F1CBE870000FB7496 /* Main.storyboard in Resources */,
			);
			runOnlyForDeploymentPostprocessing = 0;
		};
/* End PBXResourcesBuildPhase section */

/* Begin PBXSourcesBuildPhase section */
		8C7E7A3A1CBE870000FB7496 /* Sources */ = {
			isa = PBXSourcesBuildPhase;
			buildActionMask = 2147483647;
			files = (
				8C7E7A5D1CBE8DFF00FB7496 /* TimeStampTableViewController.m in Sources */,
				8C7E7A4C1CBE870000FB7496 /* SecondViewController.m in Sources */,
				8C7E7A461CBE870000FB7496 /* AppDelegate.m in Sources */,
				8C7E7A431CBE870000FB7496 /* main.m in Sources */,
			);
			runOnlyForDeploymentPostprocessing = 0;
		};
/* End PBXSourcesBuildPhase section */

/* Begin PBXVariantGroup section */
		8C7E7A4D1CBE870000FB7496 /* Main.storyboard */ = {
			isa = PBXVariantGroup;
			children = (
				8C7E7A4E1CBE870000FB7496 /* Base */,
			);
			name = Main.storyboard;
			sourceTree = "<group>";
		};
		8C7E7A521CBE870000FB7496 /* LaunchScreen.storyboard */ = {
			isa = PBXVariantGroup;
			children = (
				8C7E7A531CBE870000FB7496 /* Base */,
			);
			name = LaunchScreen.storyboard;
			sourceTree = "<group>";
		};
/* End PBXVariantGroup section */

/* Begin XCBuildConfiguration section */
		8C7E7A561CBE870000FB7496 /* Debug */ = {
			isa = XCBuildConfiguration;
			buildSettings = {
				ALWAYS_SEARCH_USER_PATHS = NO;
				CLANG_ANALYZER_NONNULL = YES;
				CLANG_CXX_LANGUAGE_STANDARD = "gnu++0x";
				CLANG_CXX_LIBRARY = "libc++";
				CLANG_ENABLE_MODULES = YES;
				CLANG_ENABLE_OBJC_ARC = YES;
				CLANG_WARN_BOOL_CONVERSION = YES;
				CLANG_WARN_CONSTANT_CONVERSION = YES;
				CLANG_WARN_DIRECT_OBJC_ISA_USAGE = YES_ERROR;
				CLANG_WARN_EMPTY_BODY = YES;
				CLANG_WARN_ENUM_CONVERSION = YES;
				CLANG_WARN_INT_CONVERSION = YES;
				CLANG_WARN_OBJC_ROOT_CLASS = YES_ERROR;
				CLANG_WARN_UNREACHABLE_CODE = YES;
				CLANG_WARN__DUPLICATE_METHOD_MATCH = YES;
				"CODE_SIGN_IDENTITY[sdk=iphoneos*]" = "iPhone Developer";
				COPY_PHASE_STRIP = NO;
				DEBUG_INFORMATION_FORMAT = dwarf;
				ENABLE_STRICT_OBJC_MSGSEND = YES;
				ENABLE_TESTABILITY = YES;
				GCC_C_LANGUAGE_STANDARD = gnu99;
				GCC_DYNAMIC_NO_PIC = NO;
				GCC_NO_COMMON_BLOCKS = YES;
				GCC_OPTIMIZATION_LEVEL = 0;
				GCC_PREPROCESSOR_DEFINITIONS = (
					"DEBUG=1",
					"$(inherited)",
				);
				GCC_WARN_64_TO_32_BIT_CONVERSION = YES;
				GCC_WARN_ABOUT_RETURN_TYPE = YES_ERROR;
				GCC_WARN_UNDECLARED_SELECTOR = YES;
				GCC_WARN_UNINITIALIZED_AUTOS = YES_AGGRESSIVE;
				GCC_WARN_UNUSED_FUNCTION = YES;
				GCC_WARN_UNUSED_VARIABLE = YES;
				IPHONEOS_DEPLOYMENT_TARGET = 9.3;
				MTL_ENABLE_DEBUG_INFO = YES;
				ONLY_ACTIVE_ARCH = YES;
				SDKROOT = iphoneos;
				TARGETED_DEVICE_FAMILY = "1,2";
			};
			name = Debug;
		};
		8C7E7A571CBE870000FB7496 /* Release */ = {
			isa = XCBuildConfiguration;
			buildSettings = {
				ALWAYS_SEARCH_USER_PATHS = NO;
				CLANG_ANALYZER_NONNULL = YES;
				CLANG_CXX_LANGUAGE_STANDARD = "gnu++0x";
				CLANG_CXX_LIBRARY = "libc++";
				CLANG_ENABLE_MODULES = YES;
				CLANG_ENABLE_OBJC_ARC = YES;
				CLANG_WARN_BOOL_CONVERSION = YES;
				CLANG_WARN_CONSTANT_CONVERSION = YES;
				CLANG_WARN_DIRECT_OBJC_ISA_USAGE = YES_ERROR;
				CLANG_WARN_EMPTY_BODY = YES;
				CLANG_WARN_ENUM_CONVERSION = YES;
				CLANG_WARN_INT_CONVERSION = YES;
				CLANG_WARN_OBJC_ROOT_CLASS = YES_ERROR;
				CLANG_WARN_UNREACHABLE_CODE = YES;
				CLANG_WARN__DUPLICATE_METHOD_MATCH = YES;
				"CODE_SIGN_IDENTITY[sdk=iphoneos*]" = "iPhone Developer";
				COPY_PHASE_STRIP = NO;
				DEBUG_INFORMATION_FORMAT = "dwarf-with-dsym";
				ENABLE_NS_ASSERTIONS = NO;
				ENABLE_STRICT_OBJC_MSGSEND = YES;
				GCC_C_LANGUAGE_STANDARD = gnu99;
				GCC_NO_COMMON_BLOCKS = YES;
				GCC_WARN_64_TO_32_BIT_CONVERSION = YES;
				GCC_WARN_ABOUT_RETURN_TYPE = YES_ERROR;
				GCC_WARN_UNDECLARED_SELECTOR = YES;
				GCC_WARN_UNINITIALIZED_AUTOS = YES_AGGRESSIVE;
				GCC_WARN_UNUSED_FUNCTION = YES;
				GCC_WARN_UNUSED_VARIABLE = YES;
				IPHONEOS_DEPLOYMENT_TARGET = 9.3;
				MTL_ENABLE_DEBUG_INFO = NO;
				SDKROOT = iphoneos;
				TARGETED_DEVICE_FAMILY = "1,2";
				VALIDATE_PRODUCT = YES;
			};
			name = Release;
		};
		8C7E7A591CBE870000FB7496 /* Debug */ = {
			isa = XCBuildConfiguration;
			buildSettings = {
				ASSETCATALOG_COMPILER_APPICON_NAME = AppIcon;
				INFOPLIST_FILE = Timer/Info.plist;
				LD_RUNPATH_SEARCH_PATHS = "$(inherited) @executable_path/Frameworks";
				PRODUCT_BUNDLE_IDENTIFIER = nickperkins.Timer;
				PRODUCT_NAME = "$(TARGET_NAME)";
			};
			name = Debug;
		};
		8C7E7A5A1CBE870000FB7496 /* Release */ = {
			isa = XCBuildConfiguration;
			buildSettings = {
				ASSETCATALOG_COMPILER_APPICON_NAME = AppIcon;
				INFOPLIST_FILE = Timer/Info.plist;
				LD_RUNPATH_SEARCH_PATHS = "$(inherited) @executable_path/Frameworks";
				PRODUCT_BUNDLE_IDENTIFIER = nickperkins.Timer;
				PRODUCT_NAME = "$(TARGET_NAME)";
			};
			name = Release;
		};
/* End XCBuildConfiguration section */

/* Begin XCConfigurationList section */
		8C7E7A391CBE86FF00FB7496 /* Build configuration list for PBXProject "Timer" */ = {
			isa = XCConfigurationList;
			buildConfigurations = (
				8C7E7A561CBE870000FB7496 /* Debug */,
				8C7E7A571CBE870000FB7496 /* Release */,
			);
			defaultConfigurationIsVisible = 0;
			defaultConfigurationName = Release;
		};
		8C7E7A581CBE870000FB7496 /* Build configuration list for PBXNativeTarget "Timer" */ = {
			isa = XCConfigurationList;
			buildConfigurations = (
				8C7E7A591CBE870000FB7496 /* Debug */,
				8C7E7A5A1CBE870000FB7496 /* Release */,
			);
			defaultConfigurationIsVisible = 0;
		};
/* End XCConfigurationList section */
	};
	rootObject = 8C7E7A361CBE86FF00FB7496 /* Project object */;
}
